
Microsoft Visual Studio Solution File, Format Version 12.00
# Visual Studio Version 17
VisualStudioVersion = 17.11.35222.181
MinimumVisualStudioVersion = 10.0.40219.1
Project("{FAE04EC0-301F-11D3-BF4B-00C04F79EFBC}") = "Lab1 Lyachov Alexandr 221-327", "Lab1 Lyachov Alexandr 221-327\Lab1 Lyachov Alexandr 221-327.csproj", "{39465CE3-5E58-4E8A-A8A1-72397BB56BFD}"
EndProject
Global
	GlobalSection(SolutionConfigurationPlatforms) = preSolution
		Debug|Any CPU = Debug|Any CPU
		Release|Any CPU = Release|Any CPU
	EndGlobalSection
	GlobalSection(ProjectConfigurationPlatforms) = postSolution
		{39465CE3-5E58-4E8A-A8A1-72397BB56BFD}.Debug|Any CPU.ActiveCfg = Debug|Any CPU
		{39465CE3-5E58-4E8A-A8A1-72397BB56BFD}.Debug|Any CPU.Build.0 = Debug|Any CPU
		{39465CE3-5E58-4E8A-A8A1-72397BB56BFD}.Release|Any CPU.ActiveCfg = Release|Any CPU
		{39465CE3-5E58-4E8A-A8A1-72397BB56BFD}.Release|Any CPU.Build.0 = Release|Any CPU
	EndGlobalSection
	GlobalSection(SolutionProperties) = preSolution
		HideSolutionNode = FALSE
	EndGlobalSection
	GlobalSection(ExtensibilityGlobals) = postSolution
		SolutionGuid = {2D1C2253-0348-4573-98D8-5B1879C128F1}
	EndGlobalSection
EndGlobal
